
Microsoft Visual Studio Solution File, Format Version 12.00
# Visual Studio 15
VisualStudioVersion = 15.0.27130.2020
MinimumVisualStudioVersion = 10.0.40219.1
Project("{FAE04EC0-301F-11D3-BF4B-00C04F79EFBC}") = "Assignment 2", "Assignment 2\Assignment 2.csproj", "{37D50FC5-6DE5-4AA3-8073-85B6953A3353}"
EndProject
Global
	GlobalSection(SolutionConfigurationPlatforms) = preSolution
		Debug|Any CPU = Debug|Any CPU
		Release|Any CPU = Release|Any CPU
	EndGlobalSection
	GlobalSection(ProjectConfigurationPlatforms) = postSolution
		{37D50FC5-6DE5-4AA3-8073-85B6953A3353}.Debug|Any CPU.ActiveCfg = Debug|Any CPU
		{37D50FC5-6DE5-4AA3-8073-85B6953A3353}.Debug|Any CPU.Build.0 = Debug|Any CPU
		{37D50FC5-6DE5-4AA3-8073-85B6953A3353}.Release|Any CPU.ActiveCfg = Release|Any CPU
		{37D50FC5-6DE5-4AA3-8073-85B6953A3353}.Release|Any CPU.Build.0 = Release|Any CPU
	EndGlobalSection
	GlobalSection(SolutionProperties) = preSolution
		HideSolutionNode = FALSE
	EndGlobalSection
	GlobalSection(ExtensibilityGlobals) = postSolution
		SolutionGuid = {28FE9C51-A158-4881-B261-FC90E1783780}
	EndGlobalSection
EndGlobal
